
Microsoft Visual Studio Solution File, Format Version 12.00
# Visual Studio Version 16
VisualStudioVersion = 16.0.810.17
MinimumVisualStudioVersion = 10.0.40219.1
Project("{FAE04EC0-301F-11D3-BF4B-00C04F79EFBC}") = "FunctionInCsharp", "FunctionInCsharp.csproj", "{C9E66BBB-0195-4BB4-B7D2-119AB57AD616}"
EndProject
Global
	GlobalSection(SolutionConfigurationPlatforms) = preSolution
		Debug|Any CPU = Debug|Any CPU
		Release|Any CPU = Release|Any CPU
	EndGlobalSection
	GlobalSection(ProjectConfigurationPlatforms) = postSolution
		{C9E66BBB-0195-4BB4-B7D2-119AB57AD616}.Debug|Any CPU.ActiveCfg = Debug|Any CPU
		{C9E66BBB-0195-4BB4-B7D2-119AB57AD616}.Debug|Any CPU.Build.0 = Debug|Any CPU
		{C9E66BBB-0195-4BB4-B7D2-119AB57AD616}.Release|Any CPU.ActiveCfg = Release|Any CPU
		{C9E66BBB-0195-4BB4-B7D2-119AB57AD616}.Release|Any CPU.Build.0 = Release|Any CPU
	EndGlobalSection
	GlobalSection(SolutionProperties) = preSolution
		HideSolutionNode = FALSE
	EndGlobalSection
	GlobalSection(ExtensibilityGlobals) = postSolution
		SolutionGuid = {F4DB00AB-5EC3-4341-9AD6-E1D679091743}
	EndGlobalSection
EndGlobal
