
Microsoft Visual Studio Solution File, Format Version 12.00
# Visual Studio Version 16
VisualStudioVersion = 16.0.810.17
MinimumVisualStudioVersion = 10.0.40219.1
Project("{FAE04EC0-301F-11D3-BF4B-00C04F79EFBC}") = "ArraysInCsharp", "ArraysInCsharp.csproj", "{55761CFD-0E10-4E3E-9AEC-38D43149F711}"
EndProject
Global
	GlobalSection(SolutionConfigurationPlatforms) = preSolution
		Debug|Any CPU = Debug|Any CPU
		Release|Any CPU = Release|Any CPU
	EndGlobalSection
	GlobalSection(ProjectConfigurationPlatforms) = postSolution
		{55761CFD-0E10-4E3E-9AEC-38D43149F711}.Debug|Any CPU.ActiveCfg = Debug|Any CPU
		{55761CFD-0E10-4E3E-9AEC-38D43149F711}.Debug|Any CPU.Build.0 = Debug|Any CPU
		{55761CFD-0E10-4E3E-9AEC-38D43149F711}.Release|Any CPU.ActiveCfg = Release|Any CPU
		{55761CFD-0E10-4E3E-9AEC-38D43149F711}.Release|Any CPU.Build.0 = Release|Any CPU
	EndGlobalSection
	GlobalSection(SolutionProperties) = preSolution
		HideSolutionNode = FALSE
	EndGlobalSection
	GlobalSection(ExtensibilityGlobals) = postSolution
		SolutionGuid = {70D22B1C-90EE-4946-9F0B-6CB575292539}
	EndGlobalSection
EndGlobal
