
Microsoft Visual Studio Solution File, Format Version 12.00
# Visual Studio Version 16
VisualStudioVersion = 16.0.810.18
MinimumVisualStudioVersion = 10.0.40219.1
Project("{FAE04EC0-301F-11D3-BF4B-00C04F79EFBC}") = "Generic", "Generic.csproj", "{A007CB96-0D8A-4564-B264-2216C8412DF0}"
EndProject
Global
	GlobalSection(SolutionConfigurationPlatforms) = preSolution
		Debug|Any CPU = Debug|Any CPU
		Release|Any CPU = Release|Any CPU
	EndGlobalSection
	GlobalSection(ProjectConfigurationPlatforms) = postSolution
		{A007CB96-0D8A-4564-B264-2216C8412DF0}.Debug|Any CPU.ActiveCfg = Debug|Any CPU
		{A007CB96-0D8A-4564-B264-2216C8412DF0}.Debug|Any CPU.Build.0 = Debug|Any CPU
		{A007CB96-0D8A-4564-B264-2216C8412DF0}.Release|Any CPU.ActiveCfg = Release|Any CPU
		{A007CB96-0D8A-4564-B264-2216C8412DF0}.Release|Any CPU.Build.0 = Release|Any CPU
	EndGlobalSection
	GlobalSection(SolutionProperties) = preSolution
		HideSolutionNode = FALSE
	EndGlobalSection
	GlobalSection(ExtensibilityGlobals) = postSolution
		SolutionGuid = {39C0FE16-C2FE-487B-8A51-87706D1A6186}
	EndGlobalSection
EndGlobal
