
Microsoft Visual Studio Solution File, Format Version 12.00
# Visual Studio Version 16
VisualStudioVersion = 16.0.810.19
MinimumVisualStudioVersion = 10.0.40219.1
Project("{FAE04EC0-301F-11D3-BF4B-00C04F79EFBC}") = "ExceptionExmaple", "ExceptionExmaple.csproj", "{DE6F66FC-6B13-4459-A8B9-D98C9D5DB1E5}"
EndProject
Global
	GlobalSection(SolutionConfigurationPlatforms) = preSolution
		Debug|Any CPU = Debug|Any CPU
		Release|Any CPU = Release|Any CPU
	EndGlobalSection
	GlobalSection(ProjectConfigurationPlatforms) = postSolution
		{DE6F66FC-6B13-4459-A8B9-D98C9D5DB1E5}.Debug|Any CPU.ActiveCfg = Debug|Any CPU
		{DE6F66FC-6B13-4459-A8B9-D98C9D5DB1E5}.Debug|Any CPU.Build.0 = Debug|Any CPU
		{DE6F66FC-6B13-4459-A8B9-D98C9D5DB1E5}.Release|Any CPU.ActiveCfg = Release|Any CPU
		{DE6F66FC-6B13-4459-A8B9-D98C9D5DB1E5}.Release|Any CPU.Build.0 = Release|Any CPU
	EndGlobalSection
	GlobalSection(SolutionProperties) = preSolution
		HideSolutionNode = FALSE
	EndGlobalSection
	GlobalSection(ExtensibilityGlobals) = postSolution
		SolutionGuid = {255C6B63-41B9-4D77-89BA-5663AE373C7E}
	EndGlobalSection
EndGlobal
